
Microsoft Visual Studio Solution File, Format Version 12.00
# Visual Studio Version 17
VisualStudioVersion = 17.9.34723.18
MinimumVisualStudioVersion = 10.0.40219.1
Project("{FAE04EC0-301F-11D3-BF4B-00C04F79EFBC}") = "Notes.Android", "Notes\Notes.Android\Notes.Android.csproj", "{862E47B3-425F-4FC8-839B-3D2563522753}"
EndProject
Project("{FAE04EC0-301F-11D3-BF4B-00C04F79EFBC}") = "Notes.iOS", "Notes\Notes.iOS\Notes.iOS.csproj", "{9E5EC54D-A2B8-43C9-A3FD-8ABB3ABCB381}"
EndProject
Project("{FAE04EC0-301F-11D3-BF4B-00C04F79EFBC}") = "Notes", "Notes\Notes\Notes.csproj", "{AB2A5FB0-DED6-400D-B700-0094F453915E}"
EndProject
Global
	GlobalSection(SolutionConfigurationPlatforms) = preSolution
		Debug|Any CPU = Debug|Any CPU
		Debug|iPhone = Debug|iPhone
		Debug|iPhoneSimulator = Debug|iPhoneSimulator
		Release|Any CPU = Release|Any CPU
		Release|iPhone = Release|iPhone
		Release|iPhoneSimulator = Release|iPhoneSimulator
	EndGlobalSection
	GlobalSection(ProjectConfigurationPlatforms) = postSolution
		{862E47B3-425F-4FC8-839B-3D2563522753}.Debug|Any CPU.ActiveCfg = Debug|Any CPU
		{862E47B3-425F-4FC8-839B-3D2563522753}.Debug|Any CPU.Build.0 = Debug|Any CPU
		{862E47B3-425F-4FC8-839B-3D2563522753}.Debug|Any CPU.Deploy.0 = Debug|Any CPU
		{862E47B3-425F-4FC8-839B-3D2563522753}.Debug|iPhone.ActiveCfg = Debug|Any CPU
		{862E47B3-425F-4FC8-839B-3D2563522753}.Debug|iPhone.Build.0 = Debug|Any CPU
		{862E47B3-425F-4FC8-839B-3D2563522753}.Debug|iPhone.Deploy.0 = Debug|Any CPU
		{862E47B3-425F-4FC8-839B-3D2563522753}.Debug|iPhoneSimulator.ActiveCfg = Debug|Any CPU
		{862E47B3-425F-4FC8-839B-3D2563522753}.Debug|iPhoneSimulator.Build.0 = Debug|Any CPU
		{862E47B3-425F-4FC8-839B-3D2563522753}.Debug|iPhoneSimulator.Deploy.0 = Debug|Any CPU
		{862E47B3-425F-4FC8-839B-3D2563522753}.Release|Any CPU.ActiveCfg = Release|Any CPU
		{862E47B3-425F-4FC8-839B-3D2563522753}.Release|Any CPU.Build.0 = Release|Any CPU
		{862E47B3-425F-4FC8-839B-3D2563522753}.Release|Any CPU.Deploy.0 = Release|Any CPU
		{862E47B3-425F-4FC8-839B-3D2563522753}.Release|iPhone.ActiveCfg = Release|Any CPU
		{862E47B3-425F-4FC8-839B-3D2563522753}.Release|iPhone.Build.0 = Release|Any CPU
		{862E47B3-425F-4FC8-839B-3D2563522753}.Release|iPhone.Deploy.0 = Release|Any CPU
		{862E47B3-425F-4FC8-839B-3D2563522753}.Release|iPhoneSimulator.ActiveCfg = Release|Any CPU
		{862E47B3-425F-4FC8-839B-3D2563522753}.Release|iPhoneSimulator.Build.0 = Release|Any CPU
		{862E47B3-425F-4FC8-839B-3D2563522753}.Release|iPhoneSimulator.Deploy.0 = Release|Any CPU
		{9E5EC54D-A2B8-43C9-A3FD-8ABB3ABCB381}.Debug|Any CPU.ActiveCfg = Debug|iPhone
		{9E5EC54D-A2B8-43C9-A3FD-8ABB3ABCB381}.Debug|Any CPU.Build.0 = Debug|iPhone
		{9E5EC54D-A2B8-43C9-A3FD-8ABB3ABCB381}.Debug|Any CPU.Deploy.0 = Debug|iPhone
		{9E5EC54D-A2B8-43C9-A3FD-8ABB3ABCB381}.Debug|iPhone.ActiveCfg = Debug|iPhone
		{9E5EC54D-A2B8-43C9-A3FD-8ABB3ABCB381}.Debug|iPhone.Build.0 = Debug|iPhone
		{9E5EC54D-A2B8-43C9-A3FD-8ABB3ABCB381}.Debug|iPhone.Deploy.0 = Debug|iPhone
		{9E5EC54D-A2B8-43C9-A3FD-8ABB3ABCB381}.Debug|iPhoneSimulator.ActiveCfg = Debug|iPhoneSimulator
		{9E5EC54D-A2B8-43C9-A3FD-8ABB3ABCB381}.Debug|iPhoneSimulator.Build.0 = Debug|iPhoneSimulator
		{9E5EC54D-A2B8-43C9-A3FD-8ABB3ABCB381}.Debug|iPhoneSimulator.Deploy.0 = Debug|iPhoneSimulator
		{9E5EC54D-A2B8-43C9-A3FD-8ABB3ABCB381}.Release|Any CPU.ActiveCfg = Release|iPhoneSimulator
		{9E5EC54D-A2B8-43C9-A3FD-8ABB3ABCB381}.Release|Any CPU.Build.0 = Release|iPhoneSimulator
		{9E5EC54D-A2B8-43C9-A3FD-8ABB3ABCB381}.Release|Any CPU.Deploy.0 = Release|iPhoneSimulator
		{9E5EC54D-A2B8-43C9-A3FD-8ABB3ABCB381}.Release|iPhone.ActiveCfg = Release|iPhone
		{9E5EC54D-A2B8-43C9-A3FD-8ABB3ABCB381}.Release|iPhone.Build.0 = Release|iPhone
		{9E5EC54D-A2B8-43C9-A3FD-8ABB3ABCB381}.Release|iPhone.Deploy.0 = Release|iPhone
		{9E5EC54D-A2B8-43C9-A3FD-8ABB3ABCB381}.Release|iPhoneSimulator.ActiveCfg = Release|iPhoneSimulator
		{9E5EC54D-A2B8-43C9-A3FD-8ABB3ABCB381}.Release|iPhoneSimulator.Build.0 = Release|iPhoneSimulator
		{9E5EC54D-A2B8-43C9-A3FD-8ABB3ABCB381}.Release|iPhoneSimulator.Deploy.0 = Release|iPhoneSimulator
		{AB2A5FB0-DED6-400D-B700-0094F453915E}.Debug|Any CPU.ActiveCfg = Debug|Any CPU
		{AB2A5FB0-DED6-400D-B700-0094F453915E}.Debug|Any CPU.Build.0 = Debug|Any CPU
		{AB2A5FB0-DED6-400D-B700-0094F453915E}.Debug|Any CPU.Deploy.0 = Debug|Any CPU
		{AB2A5FB0-DED6-400D-B700-0094F453915E}.Debug|iPhone.ActiveCfg = Debug|Any CPU
		{AB2A5FB0-DED6-400D-B700-0094F453915E}.Debug|iPhone.Build.0 = Debug|Any CPU
		{AB2A5FB0-DED6-400D-B700-0094F453915E}.Debug|iPhone.Deploy.0 = Debug|Any CPU
		{AB2A5FB0-DED6-400D-B700-0094F453915E}.Debug|iPhoneSimulator.ActiveCfg = Debug|Any CPU
		{AB2A5FB0-DED6-400D-B700-0094F453915E}.Debug|iPhoneSimulator.Build.0 = Debug|Any CPU
		{AB2A5FB0-DED6-400D-B700-0094F453915E}.Debug|iPhoneSimulator.Deploy.0 = Debug|Any CPU
		{AB2A5FB0-DED6-400D-B700-0094F453915E}.Release|Any CPU.ActiveCfg = Release|Any CPU
		{AB2A5FB0-DED6-400D-B700-0094F453915E}.Release|Any CPU.Build.0 = Release|Any CPU
		{AB2A5FB0-DED6-400D-B700-0094F453915E}.Release|Any CPU.Deploy.0 = Release|Any CPU
		{AB2A5FB0-DED6-400D-B700-0094F453915E}.Release|iPhone.ActiveCfg = Release|Any CPU
		{AB2A5FB0-DED6-400D-B700-0094F453915E}.Release|iPhone.Build.0 = Release|Any CPU
		{AB2A5FB0-DED6-400D-B700-0094F453915E}.Release|iPhone.Deploy.0 = Release|Any CPU
		{AB2A5FB0-DED6-400D-B700-0094F453915E}.Release|iPhoneSimulator.ActiveCfg = Release|Any CPU
		{AB2A5FB0-DED6-400D-B700-0094F453915E}.Release|iPhoneSimulator.Build.0 = Release|Any CPU
		{AB2A5FB0-DED6-400D-B700-0094F453915E}.Release|iPhoneSimulator.Deploy.0 = Release|Any CPU
	EndGlobalSection
	GlobalSection(SolutionProperties) = preSolution
		HideSolutionNode = FALSE
	EndGlobalSection
	GlobalSection(ExtensibilityGlobals) = postSolution
		SolutionGuid = {75B33C43-5F57-4774-BB2C-5A6913D3A922}
	EndGlobalSection
EndGlobal
